
Microsoft Visual Studio Solution File, Format Version 12.00
# Visual Studio Version 17
VisualStudioVersion = 17.7.34024.191
MinimumVisualStudioVersion = 10.0.40219.1
Project("{FAE04EC0-301F-11D3-BF4B-00C04F79EFBC}") = "FoodOrdering", "FoodOrdering.csproj", "{AE3B6473-9BB4-4B2F-8E7C-4C5793ECA6BB}"
EndProject
Global
	GlobalSection(SolutionConfigurationPlatforms) = preSolution
		Debug|Any CPU = Debug|Any CPU
		Release|Any CPU = Release|Any CPU
	EndGlobalSection
	GlobalSection(ProjectConfigurationPlatforms) = postSolution
		{AE3B6473-9BB4-4B2F-8E7C-4C5793ECA6BB}.Debug|Any CPU.ActiveCfg = Debug|Any CPU
		{AE3B6473-9BB4-4B2F-8E7C-4C5793ECA6BB}.Debug|Any CPU.Build.0 = Debug|Any CPU
		{AE3B6473-9BB4-4B2F-8E7C-4C5793ECA6BB}.Release|Any CPU.ActiveCfg = Release|Any CPU
		{AE3B6473-9BB4-4B2F-8E7C-4C5793ECA6BB}.Release|Any CPU.Build.0 = Release|Any CPU
	EndGlobalSection
	GlobalSection(SolutionProperties) = preSolution
		HideSolutionNode = FALSE
	EndGlobalSection
	GlobalSection(ExtensibilityGlobals) = postSolution
		SolutionGuid = {0A4ACE03-A045-4E8E-B42D-4E4E526C750E}
	EndGlobalSection
EndGlobal
